<?xml version="1.0" encoding="utf-8"?>
<Project ToolsVersion="4.0" xmlns="http://schemas.microsoft.com/developer/msbuild/2003">
  <ItemGroup>
    <ApplicationDefinition Include="App.xaml" />
  </ItemGroup>
  <ItemGroup>
    <Page Include="MainPage.xaml" />
  </ItemGroup>
  <ItemGroup>
    <Midl Include="App.idl" />
    <Midl Include="MainPage.idl" />
  </ItemGroup>
  <ItemGroup>
    <ClCompile Include="pch.cpp" />
    <ClCompile Include="App.cpp" />
    <ClCompile Include="MainPage.cpp" />
    <ClCompile Include="$(GeneratedFilesDir)module.g.cpp" />
    <ClCompile Include="DXMiner.cpp" />
    <ClCompile Include="Constants.cpp" />
    <ClCompile Include="keccak.cpp" />
    <ClCompile Include="libdevcore\CommonData.cpp">
      <Filter>libdevcore</Filter>
    </ClCompile>
    <ClCompile Include="libdevcore\FixedHash.cpp">
      <Filter>libdevcore</Filter>
    </ClCompile>
    <ClCompile Include="libdevcore\Log.cpp">
      <Filter>libdevcore</Filter>
    </ClCompile>
  </ItemGroup>
  <ItemGroup>
    <ClInclude Include="pch.h" />
    <ClInclude Include="DXMiner.h" />
    <ClInclude Include="Constants.h" />
    <ClInclude Include="d3dx12.h" />
    <ClInclude Include="keccak.h" />
    <ClInclude Include="libdevcore\Common.h">
      <Filter>libdevcore</Filter>
    </ClInclude>
    <ClInclude Include="libdevcore\CommonData.h">
      <Filter>libdevcore</Filter>
    </ClInclude>
    <ClInclude Include="libdevcore\Exceptions.h">
      <Filter>libdevcore</Filter>
    </ClInclude>
    <ClInclude Include="libdevcore\FixedHash.h">
      <Filter>libdevcore</Filter>
    </ClInclude>
    <ClInclude Include="libdevcore\Guards.h">
      <Filter>libdevcore</Filter>
    </ClInclude>
    <ClInclude Include="libdevcore\Log.h">
      <Filter>libdevcore</Filter>
    </ClInclude>
    <ClInclude Include="libdevcore\Terminal.h">
      <Filter>libdevcore</Filter>
    </ClInclude>
    <ClInclude Include="libdevcore\vector_ref.h">
      <Filter>libdevcore</Filter>
    </ClInclude>
    <ClInclude Include="json.hpp" />
  </ItemGroup>
  <ItemGroup>
    <Image Include="Assets\Wide310x150Logo.scale-200.png">
      <Filter>Assets</Filter>
    </Image>
    <Image Include="Assets\StoreLogo.png">
      <Filter>Assets</Filter>
    </Image>
    <Image Include="Assets\Square150x150Logo.scale-200.png">
      <Filter>Assets</Filter>
    </Image>
    <Image Include="Assets\Square44x44Logo.targetsize-24_altform-unplated.png">
      <Filter>Assets</Filter>
    </Image>
    <Image Include="Assets\Square44x44Logo.scale-200.png">
      <Filter>Assets</Filter>
    </Image>
    <Image Include="Assets\SplashScreen.scale-200.png">
      <Filter>Assets</Filter>
    </Image>
    <Image Include="Assets\LockScreenLogo.scale-200.png">
      <Filter>Assets</Filter>
    </Image>
  </ItemGroup>
  <ItemGroup>
    <AppxManifest Include="Package.appxmanifest" />
  </ItemGroup>
  <ItemGroup>
    <Filter Include="Assets">
      <UniqueIdentifier>{e48dc53e-40b1-40cb-970a-f89935452892}</UniqueIdentifier>
    </Filter>
    <Filter Include="Shaders">
      <UniqueIdentifier>{0ef5a85f-6781-41fb-a634-e88db6c5cd37}</UniqueIdentifier>
      <Extensions>hlsl;hlsli</Extensions>
    </Filter>
    <Filter Include="libdevcore">
      <UniqueIdentifier>{3a2a3d77-9ed3-4121-91a9-9a4afa354219}</UniqueIdentifier>
    </Filter>
  </ItemGroup>
  <ItemGroup>
    <None Include="PropertySheet.props" />
    <None Include="packages.config" />
    <None Include="Shaders\ETHash.hlsli">
      <Filter>Shaders</Filter>
    </None>
  </ItemGroup>
  <ItemGroup>
    <Text Include="readme.txt" />
    <Text Include="Assets\CacheSizes.txt">
      <Filter>Assets</Filter>
    </Text>
    <Text Include="Assets\DatasetSizes.txt">
      <Filter>Assets</Filter>
    </Text>
    <Text Include="Assets\Seeds.txt">
      <Filter>Assets</Filter>
    </Text>
  </ItemGroup>
  <ItemGroup>
    <FxCompile Include="Shaders\ETHashMine.hlsl">
      <Filter>Shaders</Filter>
    </FxCompile>
    <FxCompile Include="Shaders\ETHashGenerateDataset.hlsl">
      <Filter>Shaders</Filter>
    </FxCompile>
  </ItemGroup>
</Project>